// !$*UTF8*$!
{
	archiveVersion = 1;
	classes = {
	};
	objectVersion = 56;
	objects = {

/* Begin PBXBuildFile section */
		7A3CCC0029CAFAD7008E5222 /* AppDelegate.m in Sources */ = {isa = PBXBuildFile; fileRef = 7A3CCBFF29CAFAD7008E5222 /* AppDelegate.m */; };
		7A3CCC0329CAFAD7008E5222 /* SceneDelegate.m in Sources */ = {isa = PBXBuildFile; fileRef = 7A3CCC0229CAFAD7008E5222 /* SceneDelegate.m */; };
		7A3CCC0629CAFAD7008E5222 /* ViewController.m in Sources */ = {isa = PBXBuildFile; fileRef = 7A3CCC0529CAFAD7008E5222 /* ViewController.m */; };
		7A3CCC0929CAFAD7008E5222 /* Main.storyboard in Resources */ = {isa = PBXBuildFile; fileRef = 7A3CCC0729CAFAD7008E5222 /* Main.storyboard */; };
		7A3CCC0B29CAFAD8008E5222 /* Assets.xcassets in Resources */ = {isa = PBXBuildFile; fileRef = 7A3CCC0A29CAFAD8008E5222 /* Assets.xcassets */; };
		7A3CCC0E29CAFAD8008E5222 /* LaunchScreen.storyboard in Resources */ = {isa = PBXBuildFile; fileRef = 7A3CCC0C29CAFAD8008E5222 /* LaunchScreen.storyboard */; };
		7A3CCC1129CAFAD8008E5222 /* main.m in Sources */ = {isa = PBXBuildFile; fileRef = 7A3CCC1029CAFAD8008E5222 /* main.m */; };
		7A3CCC1B29CAFAD8008E5222 /* NativeDemoTests.m in Sources */ = {isa = PBXBuildFile; fileRef = 7A3CCC1A29CAFAD8008E5222 /* NativeDemoTests.m */; };
		7A3CCC2529CAFAD9008E5222 /* NativeDemoUITests.m in Sources */ = {isa = PBXBuildFile; fileRef = 7A3CCC2429CAFAD9008E5222 /* NativeDemoUITests.m */; };
		7A3CCC2729CAFAD9008E5222 /* NativeDemoUITestsLaunchTests.m in Sources */ = {isa = PBXBuildFile; fileRef = 7A3CCC2629CAFAD9008E5222 /* NativeDemoUITestsLaunchTests.m */; };
/* End PBXBuildFile section */

/* Begin PBXContainerItemProxy section */
		7A3CCC1729CAFAD8008E5222 /* PBXContainerItemProxy */ = {
			isa = PBXContainerItemProxy;
			containerPortal = 7A3CCBF329CAFAD7008E5222 /* Project object */;
			proxyType = 1;
			remoteGlobalIDString = 7A3CCBFA29CAFAD7008E5222;
			remoteInfo = NativeDemo;
		};
		7A3CCC2129CAFAD9008E5222 /* PBXContainerItemProxy */ = {
			isa = PBXContainerItemProxy;
			containerPortal = 7A3CCBF329CAFAD7008E5222 /* Project object */;
			proxyType = 1;
			remoteGlobalIDString = 7A3CCBFA29CAFAD7008E5222;
			remoteInfo = NativeDemo;
		};
/* End PBXContainerItemProxy section */

/* Begin PBXFileReference section */
		7A3CCBFB29CAFAD7008E5222 /* NativeDemo.app */ = {isa = PBXFileReference; explicitFileType = wrapper.application; includeInIndex = 0; path = NativeDemo.app; sourceTree = BUILT_PRODUCTS_DIR; };
		7A3CCBFE29CAFAD7008E5222 /* AppDelegate.h */ = {isa = PBXFileReference; lastKnownFileType = sourcecode.c.h; path = AppDelegate.h; sourceTree = "<group>"; };
		7A3CCBFF29CAFAD7008E5222 /* AppDelegate.m */ = {isa = PBXFileReference; lastKnownFileType = sourcecode.c.objc; path = AppDelegate.m; sourceTree = "<group>"; };
		7A3CCC0129CAFAD7008E5222 /* SceneDelegate.h */ = {isa = PBXFileReference; lastKnownFileType = sourcecode.c.h; path = SceneDelegate.h; sourceTree = "<group>"; };
		7A3CCC0229CAFAD7008E5222 /* SceneDelegate.m */ = {isa = PBXFileReference; lastKnownFileType = sourcecode.c.objc; path = SceneDelegate.m; sourceTree = "<group>"; };
		7A3CCC0429CAFAD7008E5222 /* ViewController.h */ = {isa = PBXFileReference; lastKnownFileType = sourcecode.c.h; path = ViewController.h; sourceTree = "<group>"; };
		7A3CCC0529CAFAD7008E5222 /* ViewController.m */ = {isa = PBXFileReference; lastKnownFileType = sourcecode.c.objc; path = ViewController.m; sourceTree = "<group>"; };
		7A3CCC0829CAFAD7008E5222 /* Base */ = {isa = PBXFileReference; lastKnownFileType = file.storyboard; name = Base; path = Base.lproj/Main.storyboard; sourceTree = "<group>"; };
		7A3CCC0A29CAFAD8008E5222 /* Assets.xcassets */ = {isa = PBXFileReference; lastKnownFileType = folder.assetcatalog; path = Assets.xcassets; sourceTree = "<group>"; };
		7A3CCC0D29CAFAD8008E5222 /* Base */ = {isa = PBXFileReference; lastKnownFileType = file.storyboard; name = Base; path = Base.lproj/LaunchScreen.storyboard; sourceTree = "<group>"; };
		7A3CCC0F29CAFAD8008E5222 /* Info.plist */ = {isa = PBXFileReference; lastKnownFileType = text.plist.xml; path = Info.plist; sourceTree = "<group>"; };
		7A3CCC1029CAFAD8008E5222 /* main.m */ = {isa = PBXFileReference; lastKnownFileType = sourcecode.c.objc; path = main.m; sourceTree = "<group>"; };
		7A3CCC1629CAFAD8008E5222 /* NativeDemoTests.xctest */ = {isa = PBXFileReference; explicitFileType = wrapper.cfbundle; includeInIndex = 0; path = NativeDemoTests.xctest; sourceTree = BUILT_PRODUCTS_DIR; };
		7A3CCC1A29CAFAD8008E5222 /* NativeDemoTests.m */ = {isa = PBXFileReference; lastKnownFileType = sourcecode.c.objc; path = NativeDemoTests.m; sourceTree = "<group>"; };
		7A3CCC2029CAFAD9008E5222 /* NativeDemoUITests.xctest */ = {isa = PBXFileReference; explicitFileType = wrapper.cfbundle; includeInIndex = 0; path = NativeDemoUITests.xctest; sourceTree = BUILT_PRODUCTS_DIR; };
		7A3CCC2429CAFAD9008E5222 /* NativeDemoUITests.m */ = {isa = PBXFileReference; lastKnownFileType = sourcecode.c.objc; path = NativeDemoUITests.m; sourceTree = "<group>"; };
		7A3CCC2629CAFAD9008E5222 /* NativeDemoUITestsLaunchTests.m */ = {isa = PBXFileReference; lastKnownFileType = sourcecode.c.objc; path = NativeDemoUITestsLaunchTests.m; sourceTree = "<group>"; };
/* End PBXFileReference section */

/* Begin PBXFrameworksBuildPhase section */
		7A3CCBF829CAFAD7008E5222 /* Frameworks */ = {
			isa = PBXFrameworksBuildPhase;
			buildActionMask = 2147483647;
			files = (
			);
			runOnlyForDeploymentPostprocessing = 0;
		};
		7A3CCC1329CAFAD8008E5222 /* Frameworks */ = {
			isa = PBXFrameworksBuildPhase;
			buildActionMask = 2147483647;
			files = (
			);
			runOnlyForDeploymentPostprocessing = 0;
		};
		7A3CCC1D29CAFAD9008E5222 /* Frameworks */ = {
			isa = PBXFrameworksBuildPhase;
			buildActionMask = 2147483647;
			files = (
			);
			runOnlyForDeploymentPostprocessing = 0;
		};
/* End PBXFrameworksBuildPhase section */

/* Begin PBXGroup section */
		7A3CCBF229CAFAD7008E5222 = {
			isa = PBXGroup;
			children = (
				7A3CCBFD29CAFAD7008E5222 /* NativeDemo */,
				7A3CCC1929CAFAD8008E5222 /* NativeDemoTests */,
				7A3CCC2329CAFAD9008E5222 /* NativeDemoUITests */,
				7A3CCBFC29CAFAD7008E5222 /* Products */,
			);
			sourceTree = "<group>";
		};
		7A3CCBFC29CAFAD7008E5222 /* Products */ = {
			isa = PBXGroup;
			children = (
				7A3CCBFB29CAFAD7008E5222 /* NativeDemo.app */,
				7A3CCC1629CAFAD8008E5222 /* NativeDemoTests.xctest */,
				7A3CCC2029CAFAD9008E5222 /* NativeDemoUITests.xctest */,
			);
			name = Products;
			sourceTree = "<group>";
		};
		7A3CCBFD29CAFAD7008E5222 /* NativeDemo */ = {
			isa = PBXGroup;
			children = (
				7A3CCBFE29CAFAD7008E5222 /* AppDelegate.h */,
				7A3CCBFF29CAFAD7008E5222 /* AppDelegate.m */,
				7A3CCC0129CAFAD7008E5222 /* SceneDelegate.h */,
				7A3CCC0229CAFAD7008E5222 /* SceneDelegate.m */,
				7A3CCC0429CAFAD7008E5222 /* ViewController.h */,
				7A3CCC0529CAFAD7008E5222 /* ViewController.m */,
				7A3CCC0729CAFAD7008E5222 /* Main.storyboard */,
				7A3CCC0A29CAFAD8008E5222 /* Assets.xcassets */,
				7A3CCC0C29CAFAD8008E5222 /* LaunchScreen.storyboard */,
				7A3CCC0F29CAFAD8008E5222 /* Info.plist */,
				7A3CCC1029CAFAD8008E5222 /* main.m */,
			);
			path = NativeDemo;
			sourceTree = "<group>";
		};
		7A3CCC1929CAFAD8008E5222 /* NativeDemoTests */ = {
			isa = PBXGroup;
			children = (
				7A3CCC1A29CAFAD8008E5222 /* NativeDemoTests.m */,
			);
			path = NativeDemoTests;
			sourceTree = "<group>";
		};
		7A3CCC2329CAFAD9008E5222 /* NativeDemoUITests */ = {
			isa = PBXGroup;
			children = (
				7A3CCC2429CAFAD9008E5222 /* NativeDemoUITests.m */,
				7A3CCC2629CAFAD9008E5222 /* NativeDemoUITestsLaunchTests.m */,
			);
			path = NativeDemoUITests;
			sourceTree = "<group>";
		};
/* End PBXGroup section */

/* Begin PBXNativeTarget section */
		7A3CCBFA29CAFAD7008E5222 /* NativeDemo */ = {
			isa = PBXNativeTarget;
			buildConfigurationList = 7A3CCC2A29CAFAD9008E5222 /* Build configuration list for PBXNativeTarget "NativeDemo" */;
			buildPhases = (
				7A3CCBF729CAFAD7008E5222 /* Sources */,
				7A3CCBF829CAFAD7008E5222 /* Frameworks */,
				7A3CCBF929CAFAD7008E5222 /* Resources */,
			);
			buildRules = (
			);
			dependencies = (
			);
			name = NativeDemo;
			productName = NativeDemo;
			productReference = 7A3CCBFB29CAFAD7008E5222 /* NativeDemo.app */;
			productType = "com.apple.product-type.application";
		};
		7A3CCC1529CAFAD8008E5222 /* NativeDemoTests */ = {
			isa = PBXNativeTarget;
			buildConfigurationList = 7A3CCC2D29CAFAD9008E5222 /* Build configuration list for PBXNativeTarget "NativeDemoTests" */;
			buildPhases = (
				7A3CCC1229CAFAD8008E5222 /* Sources */,
				7A3CCC1329CAFAD8008E5222 /* Frameworks */,
				7A3CCC1429CAFAD8008E5222 /* Resources */,
			);
			buildRules = (
			);
			dependencies = (
				7A3CCC1829CAFAD8008E5222 /* PBXTargetDependency */,
			);
			name = NativeDemoTests;
			productName = NativeDemoTests;
			productReference = 7A3CCC1629CAFAD8008E5222 /* NativeDemoTests.xctest */;
			productType = "com.apple.product-type.bundle.unit-test";
		};
		7A3CCC1F29CAFAD9008E5222 /* NativeDemoUITests */ = {
			isa = PBXNativeTarget;
			buildConfigurationList = 7A3CCC3029CAFAD9008E5222 /* Build configuration list for PBXNativeTarget "NativeDemoUITests" */;
			buildPhases = (
				7A3CCC1C29CAFAD9008E5222 /* Sources */,
				7A3CCC1D29CAFAD9008E5222 /* Frameworks */,
				7A3CCC1E29CAFAD9008E5222 /* Resources */,
			);
			buildRules = (
			);
			dependencies = (
				7A3CCC2229CAFAD9008E5222 /* PBXTargetDependency */,
			);
			name = NativeDemoUITests;
			productName = NativeDemoUITests;
			productReference = 7A3CCC2029CAFAD9008E5222 /* NativeDemoUITests.xctest */;
			productType = "com.apple.product-type.bundle.ui-testing";
		};
/* End PBXNativeTarget section */

/* Begin PBXProject section */
		7A3CCBF329CAFAD7008E5222 /* Project object */ = {
			isa = PBXProject;
			attributes = {
				BuildIndependentTargetsInParallel = 1;
				LastUpgradeCheck = 1420;
				TargetAttributes = {
					7A3CCBFA29CAFAD7008E5222 = {
						CreatedOnToolsVersion = 14.2;
					};
					7A3CCC1529CAFAD8008E5222 = {
						CreatedOnToolsVersion = 14.2;
						TestTargetID = 7A3CCBFA29CAFAD7008E5222;
					};
					7A3CCC1F29CAFAD9008E5222 = {
						CreatedOnToolsVersion = 14.2;
						TestTargetID = 7A3CCBFA29CAFAD7008E5222;
					};
				};
			};
			buildConfigurationList = 7A3CCBF629CAFAD7008E5222 /* Build configuration list for PBXProject "NativeDemo" */;
			compatibilityVersion = "Xcode 14.0";
			developmentRegion = en;
			hasScannedForEncodings = 0;
			knownRegions = (
				en,
				Base,
			);
			mainGroup = 7A3CCBF229CAFAD7008E5222;
			productRefGroup = 7A3CCBFC29CAFAD7008E5222 /* Products */;
			projectDirPath = "";
			projectRoot = "";
			targets = (
				7A3CCBFA29CAFAD7008E5222 /* NativeDemo */,
				7A3CCC1529CAFAD8008E5222 /* NativeDemoTests */,
				7A3CCC1F29CAFAD9008E5222 /* NativeDemoUITests */,
			);
		};
/* End PBXProject section */

/* Begin PBXResourcesBuildPhase section */
		7A3CCBF929CAFAD7008E5222 /* Resources */ = {
			isa = PBXResourcesBuildPhase;
			buildActionMask = 2147483647;
			files = (
				7A3CCC0E29CAFAD8008E5222 /* LaunchScreen.storyboard in Resources */,
				7A3CCC0B29CAFAD8008E5222 /* Assets.xcassets in Resources */,
				7A3CCC0929CAFAD7008E5222 /* Main.storyboard in Resources */,
			);
			runOnlyForDeploymentPostprocessing = 0;
		};
		7A3CCC1429CAFAD8008E5222 /* Resources */ = {
			isa = PBXResourcesBuildPhase;
			buildActionMask = 2147483647;
			files = (
			);
			runOnlyForDeploymentPostprocessing = 0;
		};
		7A3CCC1E29CAFAD9008E5222 /* Resources */ = {
			isa = PBXResourcesBuildPhase;
			buildActionMask = 2147483647;
			files = (
			);
			runOnlyForDeploymentPostprocessing = 0;
		};
/* End PBXResourcesBuildPhase section */

/* Begin PBXSourcesBuildPhase section */
		7A3CCBF729CAFAD7008E5222 /* Sources */ = {
			isa = PBXSourcesBuildPhase;
			buildActionMask = 2147483647;
			files = (
				7A3CCC0629CAFAD7008E5222 /* ViewController.m in Sources */,
				7A3CCC0029CAFAD7008E5222 /* AppDelegate.m in Sources */,
				7A3CCC1129CAFAD8008E5222 /* main.m in Sources */,
				7A3CCC0329CAFAD7008E5222 /* SceneDelegate.m in Sources */,
			);
			runOnlyForDeploymentPostprocessing = 0;
		};
		7A3CCC1229CAFAD8008E5222 /* Sources */ = {
			isa = PBXSourcesBuildPhase;
			buildActionMask = 2147483647;
			files = (
				7A3CCC1B29CAFAD8008E5222 /* NativeDemoTests.m in Sources */,
			);
			runOnlyForDeploymentPostprocessing = 0;
		};
		7A3CCC1C29CAFAD9008E5222 /* Sources */ = {
			isa = PBXSourcesBuildPhase;
			buildActionMask = 2147483647;
			files = (
				7A3CCC2729CAFAD9008E5222 /* NativeDemoUITestsLaunchTests.m in Sources */,
				7A3CCC2529CAFAD9008E5222 /* NativeDemoUITests.m in Sources */,
			);
			runOnlyForDeploymentPostprocessing = 0;
		};
/* End PBXSourcesBuildPhase section */

/* Begin PBXTargetDependency section */
		7A3CCC1829CAFAD8008E5222 /* PBXTargetDependency */ = {
			isa = PBXTargetDependency;
			target = 7A3CCBFA29CAFAD7008E5222 /* NativeDemo */;
			targetProxy = 7A3CCC1729CAFAD8008E5222 /* PBXContainerItemProxy */;
		};
		7A3CCC2229CAFAD9008E5222 /* PBXTargetDependency */ = {
			isa = PBXTargetDependency;
			target = 7A3CCBFA29CAFAD7008E5222 /* NativeDemo */;
			targetProxy = 7A3CCC2129CAFAD9008E5222 /* PBXContainerItemProxy */;
		};
/* End PBXTargetDependency section */

/* Begin PBXVariantGroup section */
		7A3CCC0729CAFAD7008E5222 /* Main.storyboard */ = {
			isa = PBXVariantGroup;
			children = (
				7A3CCC0829CAFAD7008E5222 /* Base */,
			);
			name = Main.storyboard;
			sourceTree = "<group>";
		};
		7A3CCC0C29CAFAD8008E5222 /* LaunchScreen.storyboard */ = {
			isa = PBXVariantGroup;
			children = (
				7A3CCC0D29CAFAD8008E5222 /* Base */,
			);
			name = LaunchScreen.storyboard;
			sourceTree = "<group>";
		};
/* End PBXVariantGroup section */

/* Begin XCBuildConfiguration section */
		7A3CCC2829CAFAD9008E5222 /* Debug */ = {
			isa = XCBuildConfiguration;
			buildSettings = {
				ALWAYS_SEARCH_USER_PATHS = NO;
				CLANG_ANALYZER_NONNULL = YES;
				CLANG_ANALYZER_NUMBER_OBJECT_CONVERSION = YES_AGGRESSIVE;
				CLANG_CXX_LANGUAGE_STANDARD = "gnu++20";
				CLANG_ENABLE_MODULES = YES;
				CLANG_ENABLE_OBJC_ARC = YES;
				CLANG_ENABLE_OBJC_WEAK = YES;
				CLANG_WARN_BLOCK_CAPTURE_AUTORELEASING = YES;
				CLANG_WARN_BOOL_CONVERSION = YES;
				CLANG_WARN_COMMA = YES;
				CLANG_WARN_CONSTANT_CONVERSION = YES;
				CLANG_WARN_DEPRECATED_OBJC_IMPLEMENTATIONS = YES;
				CLANG_WARN_DIRECT_OBJC_ISA_USAGE = YES_ERROR;
				CLANG_WARN_DOCUMENTATION_COMMENTS = YES;
				CLANG_WARN_EMPTY_BODY = YES;
				CLANG_WARN_ENUM_CONVERSION = YES;
				CLANG_WARN_INFINITE_RECURSION = YES;
				CLANG_WARN_INT_CONVERSION = YES;
				CLANG_WARN_NON_LITERAL_NULL_CONVERSION = YES;
				CLANG_WARN_OBJC_IMPLICIT_RETAIN_SELF = YES;
				CLANG_WARN_OBJC_LITERAL_CONVERSION = YES;
				CLANG_WARN_OBJC_ROOT_CLASS = YES_ERROR;
				CLANG_WARN_QUOTED_INCLUDE_IN_FRAMEWORK_HEADER = YES;
				CLANG_WARN_RANGE_LOOP_ANALYSIS = YES;
				CLANG_WARN_STRICT_PROTOTYPES = YES;
				CLANG_WARN_SUSPICIOUS_MOVE = YES;
				CLANG_WARN_UNGUARDED_AVAILABILITY = YES_AGGRESSIVE;
				CLANG_WARN_UNREACHABLE_CODE = YES;
				CLANG_WARN__DUPLICATE_METHOD_MATCH = YES;
				COPY_PHASE_STRIP = NO;
				DEBUG_INFORMATION_FORMAT = dwarf;
				ENABLE_STRICT_OBJC_MSGSEND = YES;
				ENABLE_TESTABILITY = YES;
				GCC_C_LANGUAGE_STANDARD = gnu11;
				GCC_DYNAMIC_NO_PIC = NO;
				GCC_NO_COMMON_BLOCKS = YES;
				GCC_OPTIMIZATION_LEVEL = 0;
				GCC_PREPROCESSOR_DEFINITIONS = (
					"DEBUG=1",
					"$(inherited)",
				);
				GCC_WARN_64_TO_32_BIT_CONVERSION = YES;
				GCC_WARN_ABOUT_RETURN_TYPE = YES_ERROR;
				GCC_WARN_UNDECLARED_SELECTOR = YES;
				GCC_WARN_UNINITIALIZED_AUTOS = YES_AGGRESSIVE;
				GCC_WARN_UNUSED_FUNCTION = YES;
				GCC_WARN_UNUSED_VARIABLE = YES;
				IPHONEOS_DEPLOYMENT_TARGET = 16.2;
				MTL_ENABLE_DEBUG_INFO = INCLUDE_SOURCE;
				MTL_FAST_MATH = YES;
				ONLY_ACTIVE_ARCH = YES;
				SDKROOT = iphoneos;
			};
			name = Debug;
		};
		7A3CCC2929CAFAD9008E5222 /* Release */ = {
			isa = XCBuildConfiguration;
			buildSettings = {
				ALWAYS_SEARCH_USER_PATHS = NO;
				CLANG_ANALYZER_NONNULL = YES;
				CLANG_ANALYZER_NUMBER_OBJECT_CONVERSION = YES_AGGRESSIVE;
				CLANG_CXX_LANGUAGE_STANDARD = "gnu++20";
				CLANG_ENABLE_MODULES = YES;
				CLANG_ENABLE_OBJC_ARC = YES;
				CLANG_ENABLE_OBJC_WEAK = YES;
				CLANG_WARN_BLOCK_CAPTURE_AUTORELEASING = YES;
				CLANG_WARN_BOOL_CONVERSION = YES;
				CLANG_WARN_COMMA = YES;
				CLANG_WARN_CONSTANT_CONVERSION = YES;
				CLANG_WARN_DEPRECATED_OBJC_IMPLEMENTATIONS = YES;
				CLANG_WARN_DIRECT_OBJC_ISA_USAGE = YES_ERROR;
				CLANG_WARN_DOCUMENTATION_COMMENTS = YES;
				CLANG_WARN_EMPTY_BODY = YES;
				CLANG_WARN_ENUM_CONVERSION = YES;
				CLANG_WARN_INFINITE_RECURSION = YES;
				CLANG_WARN_INT_CONVERSION = YES;
				CLANG_WARN_NON_LITERAL_NULL_CONVERSION = YES;
				CLANG_WARN_OBJC_IMPLICIT_RETAIN_SELF = YES;
				CLANG_WARN_OBJC_LITERAL_CONVERSION = YES;
				CLANG_WARN_OBJC_ROOT_CLASS = YES_ERROR;
				CLANG_WARN_QUOTED_INCLUDE_IN_FRAMEWORK_HEADER = YES;
				CLANG_WARN_RANGE_LOOP_ANALYSIS = YES;
				CLANG_WARN_STRICT_PROTOTYPES = YES;
				CLANG_WARN_SUSPICIOUS_MOVE = YES;
				CLANG_WARN_UNGUARDED_AVAILABILITY = YES_AGGRESSIVE;
				CLANG_WARN_UNREACHABLE_CODE = YES;
				CLANG_WARN__DUPLICATE_METHOD_MATCH = YES;
				COPY_PHASE_STRIP = NO;
				DEBUG_INFORMATION_FORMAT = "dwarf-with-dsym";
				ENABLE_NS_ASSERTIONS = NO;
				ENABLE_STRICT_OBJC_MSGSEND = YES;
				GCC_C_LANGUAGE_STANDARD = gnu11;
				GCC_NO_COMMON_BLOCKS = YES;
				GCC_WARN_64_TO_32_BIT_CONVERSION = YES;
				GCC_WARN_ABOUT_RETURN_TYPE = YES_ERROR;
				GCC_WARN_UNDECLARED_SELECTOR = YES;
				GCC_WARN_UNINITIALIZED_AUTOS = YES_AGGRESSIVE;
				GCC_WARN_UNUSED_FUNCTION = YES;
				GCC_WARN_UNUSED_VARIABLE = YES;
				IPHONEOS_DEPLOYMENT_TARGET = 16.2;
				MTL_ENABLE_DEBUG_INFO = NO;
				MTL_FAST_MATH = YES;
				SDKROOT = iphoneos;
				VALIDATE_PRODUCT = YES;
			};
			name = Release;
		};
		7A3CCC2B29CAFAD9008E5222 /* Debug */ = {
			isa = XCBuildConfiguration;
			buildSettings = {
				ASSETCATALOG_COMPILER_APPICON_NAME = AppIcon;
				ASSETCATALOG_COMPILER_GLOBAL_ACCENT_COLOR_NAME = AccentColor;
				CODE_SIGN_STYLE = Automatic;
				CURRENT_PROJECT_VERSION = 1;
				DEVELOPMENT_TEAM = 3853BSWPNA;
				GENERATE_INFOPLIST_FILE = YES;
				INFOPLIST_FILE = NativeDemo/Info.plist;
				INFOPLIST_KEY_UIApplicationSupportsIndirectInputEvents = YES;
				INFOPLIST_KEY_UILaunchStoryboardName = LaunchScreen;
				INFOPLIST_KEY_UIMainStoryboardFile = Main;
				INFOPLIST_KEY_UISupportedInterfaceOrientations_iPad = "UIInterfaceOrientationPortrait UIInterfaceOrientationPortraitUpsideDown UIInterfaceOrientationLandscapeLeft UIInterfaceOrientationLandscapeRight";
				INFOPLIST_KEY_UISupportedInterfaceOrientations_iPhone = "UIInterfaceOrientationPortrait UIInterfaceOrientationLandscapeLeft UIInterfaceOrientationLandscapeRight";
				LD_RUNPATH_SEARCH_PATHS = (
					"$(inherited)",
					"@executable_path/Frameworks",
				);
				MARKETING_VERSION = 1.0;
				PRODUCT_BUNDLE_IDENTIFIER = TC.NativeDemo;
				PRODUCT_NAME = "$(TARGET_NAME)";
				SWIFT_EMIT_LOC_STRINGS = YES;
				TARGETED_DEVICE_FAMILY = "1,2";
			};
			name = Debug;
		};
		7A3CCC2C29CAFAD9008E5222 /* Release */ = {
			isa = XCBuildConfiguration;
			buildSettings = {
				ASSETCATALOG_COMPILER_APPICON_NAME = AppIcon;
				ASSETCATALOG_COMPILER_GLOBAL_ACCENT_COLOR_NAME = AccentColor;
				CODE_SIGN_STYLE = Automatic;
				CURRENT_PROJECT_VERSION = 1;
				DEVELOPMENT_TEAM = 3853BSWPNA;
				GENERATE_INFOPLIST_FILE = YES;
				INFOPLIST_FILE = NativeDemo/Info.plist;
				INFOPLIST_KEY_UIApplicationSupportsIndirectInputEvents = YES;
				INFOPLIST_KEY_UILaunchStoryboardName = LaunchScreen;
				INFOPLIST_KEY_UIMainStoryboardFile = Main;
				INFOPLIST_KEY_UISupportedInterfaceOrientations_iPad = "UIInterfaceOrientationPortrait UIInterfaceOrientationPortraitUpsideDown UIInterfaceOrientationLandscapeLeft UIInterfaceOrientationLandscapeRight";
				INFOPLIST_KEY_UISupportedInterfaceOrientations_iPhone = "UIInterfaceOrientationPortrait UIInterfaceOrientationLandscapeLeft UIInterfaceOrientationLandscapeRight";
				LD_RUNPATH_SEARCH_PATHS = (
					"$(inherited)",
					"@executable_path/Frameworks",
				);
				MARKETING_VERSION = 1.0;
				PRODUCT_BUNDLE_IDENTIFIER = TC.NativeDemo;
				PRODUCT_NAME = "$(TARGET_NAME)";
				SWIFT_EMIT_LOC_STRINGS = YES;
				TARGETED_DEVICE_FAMILY = "1,2";
			};
			name = Release;
		};
		7A3CCC2E29CAFAD9008E5222 /* Debug */ = {
			isa = XCBuildConfiguration;
			buildSettings = {
				BUNDLE_LOADER = "$(TEST_HOST)";
				CODE_SIGN_STYLE = Automatic;
				CURRENT_PROJECT_VERSION = 1;
				DEVELOPMENT_TEAM = 3853BSWPNA;
				GENERATE_INFOPLIST_FILE = YES;
				IPHONEOS_DEPLOYMENT_TARGET = 16.2;
				MARKETING_VERSION = 1.0;
				PRODUCT_BUNDLE_IDENTIFIER = TC.NativeDemoTests;
				PRODUCT_NAME = "$(TARGET_NAME)";
				SWIFT_EMIT_LOC_STRINGS = NO;
				TARGETED_DEVICE_FAMILY = "1,2";
				TEST_HOST = "$(BUILT_PRODUCTS_DIR)/NativeDemo.app/$(BUNDLE_EXECUTABLE_FOLDER_PATH)/NativeDemo";
			};
			name = Debug;
		};
		7A3CCC2F29CAFAD9008E5222 /* Release */ = {
			isa = XCBuildConfiguration;
			buildSettings = {
				BUNDLE_LOADER = "$(TEST_HOST)";
				CODE_SIGN_STYLE = Automatic;
				CURRENT_PROJECT_VERSION = 1;
				DEVELOPMENT_TEAM = 3853BSWPNA;
				GENERATE_INFOPLIST_FILE = YES;
				IPHONEOS_DEPLOYMENT_TARGET = 16.2;
				MARKETING_VERSION = 1.0;
				PRODUCT_BUNDLE_IDENTIFIER = TC.NativeDemoTests;
				PRODUCT_NAME = "$(TARGET_NAME)";
				SWIFT_EMIT_LOC_STRINGS = NO;
				TARGETED_DEVICE_FAMILY = "1,2";
				TEST_HOST = "$(BUILT_PRODUCTS_DIR)/NativeDemo.app/$(BUNDLE_EXECUTABLE_FOLDER_PATH)/NativeDemo";
			};
			name = Release;
		};
		7A3CCC3129CAFAD9008E5222 /* Debug */ = {
			isa = XCBuildConfiguration;
			buildSettings = {
				CODE_SIGN_STYLE = Automatic;
				CURRENT_PROJECT_VERSION = 1;
				DEVELOPMENT_TEAM = 3853BSWPNA;
				GENERATE_INFOPLIST_FILE = YES;
				MARKETING_VERSION = 1.0;
				PRODUCT_BUNDLE_IDENTIFIER = TC.NativeDemoUITests;
				PRODUCT_NAME = "$(TARGET_NAME)";
				SWIFT_EMIT_LOC_STRINGS = NO;
				TARGETED_DEVICE_FAMILY = "1,2";
				TEST_TARGET_NAME = NativeDemo;
			};
			name = Debug;
		};
		7A3CCC3229CAFAD9008E5222 /* Release */ = {
			isa = XCBuildConfiguration;
			buildSettings = {
				CODE_SIGN_STYLE = Automatic;
				CURRENT_PROJECT_VERSION = 1;
				DEVELOPMENT_TEAM = 3853BSWPNA;
				GENERATE_INFOPLIST_FILE = YES;
				MARKETING_VERSION = 1.0;
				PRODUCT_BUNDLE_IDENTIFIER = TC.NativeDemoUITests;
				PRODUCT_NAME = "$(TARGET_NAME)";
				SWIFT_EMIT_LOC_STRINGS = NO;
				TARGETED_DEVICE_FAMILY = "1,2";
				TEST_TARGET_NAME = NativeDemo;
			};
			name = Release;
		};
/* End XCBuildConfiguration section */

/* Begin XCConfigurationList section */
		7A3CCBF629CAFAD7008E5222 /* Build configuration list for PBXProject "NativeDemo" */ = {
			isa = XCConfigurationList;
			buildConfigurations = (
				7A3CCC2829CAFAD9008E5222 /* Debug */,
				7A3CCC2929CAFAD9008E5222 /* Release */,
			);
			defaultConfigurationIsVisible = 0;
			defaultConfigurationName = Release;
		};
		7A3CCC2A29CAFAD9008E5222 /* Build configuration list for PBXNativeTarget "NativeDemo" */ = {
			isa = XCConfigurationList;
			buildConfigurations = (
				7A3CCC2B29CAFAD9008E5222 /* Debug */,
				7A3CCC2C29CAFAD9008E5222 /* Release */,
			);
			defaultConfigurationIsVisible = 0;
			defaultConfigurationName = Release;
		};
		7A3CCC2D29CAFAD9008E5222 /* Build configuration list for PBXNativeTarget "NativeDemoTests" */ = {
			isa = XCConfigurationList;
			buildConfigurations = (
				7A3CCC2E29CAFAD9008E5222 /* Debug */,
				7A3CCC2F29CAFAD9008E5222 /* Release */,
			);
			defaultConfigurationIsVisible = 0;
			defaultConfigurationName = Release;
		};
		7A3CCC3029CAFAD9008E5222 /* Build configuration list for PBXNativeTarget "NativeDemoUITests" */ = {
			isa = XCConfigurationList;
			buildConfigurations = (
				7A3CCC3129CAFAD9008E5222 /* Debug */,
				7A3CCC3229CAFAD9008E5222 /* Release */,
			);
			defaultConfigurationIsVisible = 0;
			defaultConfigurationName = Release;
		};
/* End XCConfigurationList section */
	};
	rootObject = 7A3CCBF329CAFAD7008E5222 /* Project object */;
}
